
Microsoft Visual Studio Solution File, Format Version 12.00
# Visual Studio 15
VisualStudioVersion = 15.0.26730.3
MinimumVisualStudioVersion = 10.0.40219.1
Project("{FAE04EC0-301F-11D3-BF4B-00C04F79EFBC}") = "NajamAutaEF", "NajamAutaEF\NajamAutaEF.csproj", "{CE6BFB48-042B-4E42-85F7-F86A945B9A2A}"
EndProject
Global
	GlobalSection(SolutionConfigurationPlatforms) = preSolution
		Debug|Any CPU = Debug|Any CPU
		Release|Any CPU = Release|Any CPU
	EndGlobalSection
	GlobalSection(ProjectConfigurationPlatforms) = postSolution
		{CE6BFB48-042B-4E42-85F7-F86A945B9A2A}.Debug|Any CPU.ActiveCfg = Debug|Any CPU
		{CE6BFB48-042B-4E42-85F7-F86A945B9A2A}.Debug|Any CPU.Build.0 = Debug|Any CPU
		{CE6BFB48-042B-4E42-85F7-F86A945B9A2A}.Release|Any CPU.ActiveCfg = Release|Any CPU
		{CE6BFB48-042B-4E42-85F7-F86A945B9A2A}.Release|Any CPU.Build.0 = Release|Any CPU
	EndGlobalSection
	GlobalSection(SolutionProperties) = preSolution
		HideSolutionNode = FALSE
	EndGlobalSection
	GlobalSection(ExtensibilityGlobals) = postSolution
		SolutionGuid = {03E479A1-E783-4635-BD6E-8528F3C16CCF}
	EndGlobalSection
EndGlobal
